
Microsoft Visual Studio Solution File, Format Version 12.00
# Visual Studio 15
VisualStudioVersion = 15.0.28307.106
MinimumVisualStudioVersion = 10.0.40219.1
Project("{FAE04EC0-301F-11D3-BF4B-00C04F79EFBC}") = "Store", "Store\Store.csproj", "{8DD77EE1-07A3-49A0-ADB6-A221AA8785DE}"
EndProject
Project("{FAE04EC0-301F-11D3-BF4B-00C04F79EFBC}") = "DataStracture", "DataStracture\DataStracture.csproj", "{DF81DB95-0899-497C-986C-E42046270599}"
EndProject
Global
	GlobalSection(SolutionConfigurationPlatforms) = preSolution
		Debug|Any CPU = Debug|Any CPU
		Release|Any CPU = Release|Any CPU
	EndGlobalSection
	GlobalSection(ProjectConfigurationPlatforms) = postSolution
		{8DD77EE1-07A3-49A0-ADB6-A221AA8785DE}.Debug|Any CPU.ActiveCfg = Debug|Any CPU
		{8DD77EE1-07A3-49A0-ADB6-A221AA8785DE}.Debug|Any CPU.Build.0 = Debug|Any CPU
		{8DD77EE1-07A3-49A0-ADB6-A221AA8785DE}.Release|Any CPU.ActiveCfg = Release|Any CPU
		{8DD77EE1-07A3-49A0-ADB6-A221AA8785DE}.Release|Any CPU.Build.0 = Release|Any CPU
		{DF81DB95-0899-497C-986C-E42046270599}.Debug|Any CPU.ActiveCfg = Debug|Any CPU
		{DF81DB95-0899-497C-986C-E42046270599}.Debug|Any CPU.Build.0 = Debug|Any CPU
		{DF81DB95-0899-497C-986C-E42046270599}.Release|Any CPU.ActiveCfg = Release|Any CPU
		{DF81DB95-0899-497C-986C-E42046270599}.Release|Any CPU.Build.0 = Release|Any CPU
	EndGlobalSection
	GlobalSection(SolutionProperties) = preSolution
		HideSolutionNode = FALSE
	EndGlobalSection
	GlobalSection(ExtensibilityGlobals) = postSolution
		SolutionGuid = {429531B5-03DF-471F-9A12-152AB40B6CC0}
	EndGlobalSection
EndGlobal
